
Microsoft Visual Studio Solution File, Format Version 12.00
# Visual Studio Version 16
VisualStudioVersion = 16.0.31112.23
MinimumVisualStudioVersion = 10.0.40219.1
Project("{FAE04EC0-301F-11D3-BF4B-00C04F79EFBC}") = "RSA", "RSA\RSA.csproj", "{DB0C2053-9CD6-4EED-8243-77711AC75128}"
EndProject
Project("{FAE04EC0-301F-11D3-BF4B-00C04F79EFBC}") = "Unit_test1", "Unit_test1\Unit_test1.csproj", "{C2EFE21C-2D64-4E60-9324-E86FB6FCF699}"
EndProject
Global
	GlobalSection(SolutionConfigurationPlatforms) = preSolution
		Debug|Any CPU = Debug|Any CPU
		Release|Any CPU = Release|Any CPU
	EndGlobalSection
	GlobalSection(ProjectConfigurationPlatforms) = postSolution
		{DB0C2053-9CD6-4EED-8243-77711AC75128}.Debug|Any CPU.ActiveCfg = Debug|Any CPU
		{DB0C2053-9CD6-4EED-8243-77711AC75128}.Debug|Any CPU.Build.0 = Debug|Any CPU
		{DB0C2053-9CD6-4EED-8243-77711AC75128}.Release|Any CPU.ActiveCfg = Release|Any CPU
		{DB0C2053-9CD6-4EED-8243-77711AC75128}.Release|Any CPU.Build.0 = Release|Any CPU
		{C2EFE21C-2D64-4E60-9324-E86FB6FCF699}.Debug|Any CPU.ActiveCfg = Debug|Any CPU
		{C2EFE21C-2D64-4E60-9324-E86FB6FCF699}.Debug|Any CPU.Build.0 = Debug|Any CPU
		{C2EFE21C-2D64-4E60-9324-E86FB6FCF699}.Release|Any CPU.ActiveCfg = Release|Any CPU
		{C2EFE21C-2D64-4E60-9324-E86FB6FCF699}.Release|Any CPU.Build.0 = Release|Any CPU
	EndGlobalSection
	GlobalSection(SolutionProperties) = preSolution
		HideSolutionNode = FALSE
	EndGlobalSection
	GlobalSection(ExtensibilityGlobals) = postSolution
		SolutionGuid = {930626B8-1F5C-4B89-A78A-86BDC0716645}
	EndGlobalSection
EndGlobal
